
Microsoft Visual Studio Solution File, Format Version 12.00
# Visual Studio Version 16
VisualStudioVersion = 16.0.28803.352
MinimumVisualStudioVersion = 10.0.40219.1
Project("{FAE04EC0-301F-11D3-BF4B-00C04F79EFBC}") = "Gcode_Processing_Cube_Kisslicer", "Gcode_Processing_Cube_Kisslicer\Gcode_Processing_Cube_Kisslicer.csproj", "{1E0F2D13-DA39-4B19-86B0-D43CC236A1F7}"
EndProject
Global
	GlobalSection(SolutionConfigurationPlatforms) = preSolution
		Debug|Any CPU = Debug|Any CPU
		Release|Any CPU = Release|Any CPU
	EndGlobalSection
	GlobalSection(ProjectConfigurationPlatforms) = postSolution
		{1E0F2D13-DA39-4B19-86B0-D43CC236A1F7}.Debug|Any CPU.ActiveCfg = Debug|Any CPU
		{1E0F2D13-DA39-4B19-86B0-D43CC236A1F7}.Debug|Any CPU.Build.0 = Debug|Any CPU
		{1E0F2D13-DA39-4B19-86B0-D43CC236A1F7}.Release|Any CPU.ActiveCfg = Release|Any CPU
		{1E0F2D13-DA39-4B19-86B0-D43CC236A1F7}.Release|Any CPU.Build.0 = Release|Any CPU
	EndGlobalSection
	GlobalSection(SolutionProperties) = preSolution
		HideSolutionNode = FALSE
	EndGlobalSection
	GlobalSection(ExtensibilityGlobals) = postSolution
		SolutionGuid = {14D6720B-5103-4310-99E1-334AAB61372E}
	EndGlobalSection
EndGlobal
